{
  "lockfileVersion": 1,
  "workspaces": {
    "": {
      "name": "ts-explicit-errors",
      "devDependencies": {
        "@adamhl8/configs": "^0.3.0",
        "@biomejs/biome": "^2.0.6",
        "@types/bun": "^1.2.17",
        "bun-plugin-isolated-decl": "^0.2.6",
        "typescript": "^5.8.3",
      },
    },
  },
  "packages": {
    "@adamhl8/configs": ["@adamhl8/configs@0.3.0", "", { "dependencies": { "@prettier/plugin-xml": "^3.4.1", "prettier-plugin-astro": "^0.14.1", "prettier-plugin-sh": "^0.18.0", "prettier-plugin-tailwindcss": "^0.6.13", "prettier-plugin-toml": "^2.0.5" } }, "sha512-zWQu8xnognxMlDrRApE1205ntf74H1CqEY1fwdV3J14oy9YFkJILTNwBZjTNwAabqA6MYQoASYyV3p3UXlaYuQ=="],

    "@astrojs/compiler": ["@astrojs/compiler@2.12.2", "", {}, "sha512-w2zfvhjNCkNMmMMOn5b0J8+OmUaBL1o40ipMvqcG6NRpdC+lKxmTi48DT8Xw0SzJ3AfmeFLB45zXZXtmbsjcgw=="],

    "@biomejs/biome": ["@biomejs/biome@2.0.6", "", { "optionalDependencies": { "@biomejs/cli-darwin-arm64": "2.0.6", "@biomejs/cli-darwin-x64": "2.0.6", "@biomejs/cli-linux-arm64": "2.0.6", "@biomejs/cli-linux-arm64-musl": "2.0.6", "@biomejs/cli-linux-x64": "2.0.6", "@biomejs/cli-linux-x64-musl": "2.0.6", "@biomejs/cli-win32-arm64": "2.0.6", "@biomejs/cli-win32-x64": "2.0.6" }, "bin": { "biome": "bin/biome" } }, "sha512-RRP+9cdh5qwe2t0gORwXaa27oTOiQRQvrFf49x2PA1tnpsyU7FIHX4ZOFMtBC4QNtyWsN7Dqkf5EDbg4X+9iqA=="],

    "@biomejs/cli-darwin-arm64": ["@biomejs/cli-darwin-arm64@2.0.6", "", { "os": "darwin", "cpu": "arm64" }, "sha512-AzdiNNjNzsE6LfqWyBvcL29uWoIuZUkndu+wwlXW13EKcBHbbKjNQEZIJKYDc6IL+p7bmWGx3v9ZtcRyIoIz5A=="],

    "@biomejs/cli-darwin-x64": ["@biomejs/cli-darwin-x64@2.0.6", "", { "os": "darwin", "cpu": "x64" }, "sha512-wJjjP4E7bO4WJmiQaLnsdXMa516dbtC6542qeRkyJg0MqMXP0fvs4gdsHhZ7p9XWTAmGIjZHFKXdsjBvKGIJJQ=="],

    "@biomejs/cli-linux-arm64": ["@biomejs/cli-linux-arm64@2.0.6", "", { "os": "linux", "cpu": "arm64" }, "sha512-ZSVf6TYo5rNMUHIW1tww+rs/krol7U5A1Is/yzWyHVZguuB0lBnIodqyFuwCNqG9aJGyk7xIMS8HG0qGUPz0SA=="],

    "@biomejs/cli-linux-arm64-musl": ["@biomejs/cli-linux-arm64-musl@2.0.6", "", { "os": "linux", "cpu": "arm64" }, "sha512-CVPEMlin3bW49sBqLBg2x016Pws7eUXA27XYDFlEtponD0luYjg2zQaMJ2nOqlkKG9fqzzkamdYxHdMDc2gZFw=="],

    "@biomejs/cli-linux-x64": ["@biomejs/cli-linux-x64@2.0.6", "", { "os": "linux", "cpu": "x64" }, "sha512-geM1MkHTV1Kh2Cs/Xzot9BOF3WBacihw6bkEmxkz4nSga8B9/hWy5BDiOG3gHDGIBa8WxT0nzsJs2f/hPqQIQw=="],

    "@biomejs/cli-linux-x64-musl": ["@biomejs/cli-linux-x64-musl@2.0.6", "", { "os": "linux", "cpu": "x64" }, "sha512-mKHE/e954hR/hSnAcJSjkf4xGqZc/53Kh39HVW1EgO5iFi0JutTN07TSjEMg616julRtfSNJi0KNyxvc30Y4rQ=="],

    "@biomejs/cli-win32-arm64": ["@biomejs/cli-win32-arm64@2.0.6", "", { "os": "win32", "cpu": "arm64" }, "sha512-290V4oSFoKaprKE1zkYVsDfAdn0An5DowZ+GIABgjoq1ndhvNxkJcpxPsiYtT7slbVe3xmlT0ncdfOsN7KruzA=="],

    "@biomejs/cli-win32-x64": ["@biomejs/cli-win32-x64@2.0.6", "", { "os": "win32", "cpu": "x64" }, "sha512-bfM1Bce0d69Ao7pjTjUS+AWSZ02+5UHdiAP85Th8e9yV5xzw6JrHXbL5YWlcEKQ84FIZMdDc7ncuti1wd2sdbw=="],

    "@emnapi/core": ["@emnapi/core@1.4.3", "", { "dependencies": { "@emnapi/wasi-threads": "1.0.2", "tslib": "^2.4.0" } }, "sha512-4m62DuCE07lw01soJwPiBGC0nAww0Q+RY70VZ+n49yDIO13yyinhbWCeNnaob0lakDtWQzSdtNWzJeOJt2ma+g=="],

    "@emnapi/runtime": ["@emnapi/runtime@1.4.3", "", { "dependencies": { "tslib": "^2.4.0" } }, "sha512-pBPWdu6MLKROBX05wSNKcNb++m5Er+KQ9QkB+WVM+pW2Kx9hoSrVTnu3BdkI5eBLZoKu/J6mW/B6i6bJB2ytXQ=="],

    "@emnapi/wasi-threads": ["@emnapi/wasi-threads@1.0.2", "", { "dependencies": { "tslib": "^2.4.0" } }, "sha512-5n3nTJblwRi8LlXkJ9eBzu+kZR8Yxcc7ubakyQTFzPMtIhFpUBRbsnc2Dv88IZDIbCDlBiWrknhB4Lsz7mg6BA=="],

    "@jridgewell/sourcemap-codec": ["@jridgewell/sourcemap-codec@1.5.3", "", {}, "sha512-AiR5uKpFxP3PjO4R19kQGIMwxyRyPuXmKEEy301V1C0+1rVjS94EZQXf1QKZYN8Q0YM+estSPhmx5JwNftv6nw=="],

    "@napi-rs/wasm-runtime": ["@napi-rs/wasm-runtime@0.2.11", "", { "dependencies": { "@emnapi/core": "^1.4.3", "@emnapi/runtime": "^1.4.3", "@tybys/wasm-util": "^0.9.0" } }, "sha512-9DPkXtvHydrcOsopiYpUgPHpmj0HWZKMUnL2dZqpvC42lsratuBG06V5ipyno0fUek5VlFsNQ+AcFATSrJXgMA=="],

    "@oxc-parser/binding-android-arm64": ["@oxc-parser/binding-android-arm64@0.75.0", "", { "os": "android", "cpu": "arm64" }, "sha512-nSHUHCO59G+kbixFVc7dK1j3l1EU3nVNLkj47ysCyl7RW3Z9cwCITp7SVwm+gl3ufCuVU4bkaBpgFnesnqZeDg=="],

    "@oxc-parser/binding-darwin-arm64": ["@oxc-parser/binding-darwin-arm64@0.75.0", "", { "os": "darwin", "cpu": "arm64" }, "sha512-Wnx2L/gX39/9ZkohpW9R46eQTavBFnqsoAFaRgOnUsLW/+rtZIacMwwxZCfBhLY/tNlBWEUbTxlN6bvN/hPbKw=="],

    "@oxc-parser/binding-darwin-x64": ["@oxc-parser/binding-darwin-x64@0.75.0", "", { "os": "darwin", "cpu": "x64" }, "sha512-jXOYe/K7YLE8xN2dDBcaZ78dxfXWXtPMZBOzg2j0YignThagLX4KgDCqEVlMbQY4MymzpqrY0TzSXjCI9MCfvA=="],

    "@oxc-parser/binding-freebsd-x64": ["@oxc-parser/binding-freebsd-x64@0.75.0", "", { "os": "freebsd", "cpu": "x64" }, "sha512-Qz/iLccz8ecbeH0jterDVZcw9xmbuJn0/Jo+yc3+tqd3Iwirp+UbY/6c7SOkFFciF1dNN4G2FLpmDQSSWFZdjw=="],

    "@oxc-parser/binding-linux-arm-gnueabihf": ["@oxc-parser/binding-linux-arm-gnueabihf@0.75.0", "", { "os": "linux", "cpu": "arm" }, "sha512-OQomvh7PfJjzKSfG0lNcTru+QYXYzETrU4YZsWBWcJyV4pKJ6ZoRn4BOlY9QVH3F8htN890/agTQfNtEAzp23g=="],

    "@oxc-parser/binding-linux-arm-musleabihf": ["@oxc-parser/binding-linux-arm-musleabihf@0.75.0", "", { "os": "linux", "cpu": "arm" }, "sha512-solH8uhoWkqHaVLGdBjB6cxbKugqRjxiEdXOQYeNXJo5d5gJxLW6WFhLhRedajwVtxVaKhcNNW4vrwuhU85OXA=="],

    "@oxc-parser/binding-linux-arm64-gnu": ["@oxc-parser/binding-linux-arm64-gnu@0.75.0", "", { "os": "linux", "cpu": "arm64" }, "sha512-CrYqeI5/TY8x/G/KvprDaxB9V6Wpudby1sXVpncz4Azzoyg+mIRGgWOl+ZbX/O9uwpCrFr0TPf2JY7cl3baLAA=="],

    "@oxc-parser/binding-linux-arm64-musl": ["@oxc-parser/binding-linux-arm64-musl@0.75.0", "", { "os": "linux", "cpu": "arm64" }, "sha512-dQK0rLN6ha5cGahgA4j7zqLH6rtDd5TdNApBo5JFannCLzpr9TQ1QUecYggx70+vLrmm/PMKCMnwR0uuvLbq8g=="],

    "@oxc-parser/binding-linux-riscv64-gnu": ["@oxc-parser/binding-linux-riscv64-gnu@0.75.0", "", { "os": "linux", "cpu": "none" }, "sha512-thRPaGeeKuVFI1fTY+G5zeh5w34eUYszliA/2qpAsb1yWfq+imHgsdloFLi3wW1CiR1mnk6AhKFoj7u3JGVWTA=="],

    "@oxc-parser/binding-linux-s390x-gnu": ["@oxc-parser/binding-linux-s390x-gnu@0.75.0", "", { "os": "linux", "cpu": "s390x" }, "sha512-ku2ckoJeXXLe6ZiWFXXYALpfmAtoPUzsWOlFf7HssOYbhHEm/RH9yw/GoUNRwZdz1uSi6tYzNvLZ915irffK/w=="],

    "@oxc-parser/binding-linux-x64-gnu": ["@oxc-parser/binding-linux-x64-gnu@0.75.0", "", { "os": "linux", "cpu": "x64" }, "sha512-223VDGrX7cnmhSSRimnL+/eOCp/ABU4Iobfnelz5zbQKRpijQQjk8Ohx2kb7aZ5Q0dY09fDSUNjY/iOBBFaRIg=="],

    "@oxc-parser/binding-linux-x64-musl": ["@oxc-parser/binding-linux-x64-musl@0.75.0", "", { "os": "linux", "cpu": "x64" }, "sha512-WVdpo3EA53PTZt3p2fdmPgoF9jIichRcpd2GmuZV58P3wlFWq9iKefdD4M87mskzdxwGUiMQlPiktNcsZZWMkQ=="],

    "@oxc-parser/binding-wasm32-wasi": ["@oxc-parser/binding-wasm32-wasi@0.75.0", "", { "dependencies": { "@napi-rs/wasm-runtime": "^0.2.11" }, "cpu": "none" }, "sha512-SPXt1nYkmjuGDh7ZfnfarObQq8AnnvA+m+hmcOqXVSxLJWZQhXDF6AHaS0dzKhpIDHWjScbTp5c9eqINLbPh7g=="],

    "@oxc-parser/binding-win32-arm64-msvc": ["@oxc-parser/binding-win32-arm64-msvc@0.75.0", "", { "os": "win32", "cpu": "arm64" }, "sha512-YBEBK1K5nC6GkQykdtGjKCY+/QvmKiG2blmTOKNUXnsSyDNDivJSClpjb+UrziR87skxnvcn3GbMPY08aG2AVg=="],

    "@oxc-parser/binding-win32-x64-msvc": ["@oxc-parser/binding-win32-x64-msvc@0.75.0", "", { "os": "win32", "cpu": "x64" }, "sha512-o1f+JB8zFObz+5fvmMlP0ykBUkcVN1STjEHmRahD0TOZG1EJeUvz6xaLXr7EHeRW8z5ftEEGJK5nLlitwLXxCQ=="],

    "@oxc-project/types": ["@oxc-project/types@0.75.0", "", {}, "sha512-QMW+06WOXs7+F301Y3X0VpmWhwuQVc/X/RP2zF9OIwvSMmsif3xURS2wxbakFIABYsytgBcHpUcFepVS0Qnd3A=="],

    "@oxc-transform/binding-android-arm64": ["@oxc-transform/binding-android-arm64@0.75.0", "", { "os": "android", "cpu": "arm64" }, "sha512-J0KwuuxpLtmrcA4ruKt1V+cC2fBKu8YuZRyGXA6GWklyzFSeztcrqyteO22e2hu35QntXMA9X5JjojdLNIsFPQ=="],

    "@oxc-transform/binding-darwin-arm64": ["@oxc-transform/binding-darwin-arm64@0.71.0", "", { "os": "darwin", "cpu": "arm64" }, "sha512-v34aKqVDv7rhz4ot2+jcRXcqBzPMcT9U9Iek1sSsVDOQlOCofoLAiAtjApx2dNmMMUhOPAR+exVPmosiB0HvIw=="],

    "@oxc-transform/binding-darwin-x64": ["@oxc-transform/binding-darwin-x64@0.71.0", "", { "os": "darwin", "cpu": "x64" }, "sha512-8r07vSpE3iVww9dJ+jjBd+UGdqLED3JlhMWqiborUJboTgokV0CuNLl2n1DN6z4/nibMGPcz+8yxuCIHGRIC5w=="],

    "@oxc-transform/binding-freebsd-x64": ["@oxc-transform/binding-freebsd-x64@0.71.0", "", { "os": "freebsd", "cpu": "x64" }, "sha512-K1xbJOz69d7t/mlSAN0/5LeEfYcCSMburm90oRfNU35fTg8n3+en1ggTXBL/4KhBHq434q2J4VGI9dHicoKCAA=="],

    "@oxc-transform/binding-linux-arm-gnueabihf": ["@oxc-transform/binding-linux-arm-gnueabihf@0.71.0", "", { "os": "linux", "cpu": "arm" }, "sha512-pq8/4CkIwwCQRM1YGMejNZysHP3SCKBCxY5fUsgMNpSAnqSm+fxt9N5OyXa9v1RDM85O8118/DP31/h2MXiQxw=="],

    "@oxc-transform/binding-linux-arm-musleabihf": ["@oxc-transform/binding-linux-arm-musleabihf@0.71.0", "", { "os": "linux", "cpu": "arm" }, "sha512-d1JB5cRZdSOz42P9v3K9By4a7FpEQwszj9WOqS5Yr1Ovb0kmgpa73izfMZ2FTHDJ38bfzySy81N9uwfNd0Xn4g=="],

    "@oxc-transform/binding-linux-arm64-gnu": ["@oxc-transform/binding-linux-arm64-gnu@0.71.0", "", { "os": "linux", "cpu": "arm64" }, "sha512-lJGOwngKVPyMcXxcxlS7OD8LGt+JZBe0EVAKS9ByxjlKr/Uk880XqJypWihjNZLmMSTLnkTA3BLqV02/6bdD1w=="],

    "@oxc-transform/binding-linux-arm64-musl": ["@oxc-transform/binding-linux-arm64-musl@0.71.0", "", { "os": "linux", "cpu": "arm64" }, "sha512-8LFHDuqvBw8G9c7BK2ad/JNG4AzVYmD3S1K/2h01hs5QaNw/3dIATX8eHeQO3CdPECut4yMuckWL2BJ5hrljxw=="],

    "@oxc-transform/binding-linux-riscv64-gnu": ["@oxc-transform/binding-linux-riscv64-gnu@0.71.0", "", { "os": "linux", "cpu": "none" }, "sha512-LDMtuq3QBbMI3COJbTDD4UGvZbu+7BKjneJ5wcgmvi4qKJoeGfZaWQHvoJoVqngfgKimFx3+wffhmsfX90oKTA=="],

    "@oxc-transform/binding-linux-s390x-gnu": ["@oxc-transform/binding-linux-s390x-gnu@0.71.0", "", { "os": "linux", "cpu": "s390x" }, "sha512-mOuMVjIRB463TsAtfsfUnrtiBnwcSgcb4iTuF6roHTxpypC0iNC6SWYMQGL8d/0xfZ8kMbWkH/0ruyzsUOFNAA=="],

    "@oxc-transform/binding-linux-x64-gnu": ["@oxc-transform/binding-linux-x64-gnu@0.71.0", "", { "os": "linux", "cpu": "x64" }, "sha512-48xBId6pPNnXSgLR8ibgGTXO1ofHB/n5C4RO8HRwP39jTkzRRBOFFVp60mNHC+JKUqGcWYXt3cm0vGDiduJ/bw=="],

    "@oxc-transform/binding-linux-x64-musl": ["@oxc-transform/binding-linux-x64-musl@0.71.0", "", { "os": "linux", "cpu": "x64" }, "sha512-PRR6v35S6vlRDZoFvMGMk6UcASbPzrtCnBc5y8AVUE2ULAwX7YUXJQJGYe5z8FyHljiTgHQTdJbe8TBcIPaCPw=="],

    "@oxc-transform/binding-wasm32-wasi": ["@oxc-transform/binding-wasm32-wasi@0.71.0", "", { "dependencies": { "@napi-rs/wasm-runtime": "^0.2.10" }, "cpu": "none" }, "sha512-gc5Xk55C1r17Z96oznbBfihbgmSLktcTi719QqiVJs9N9iJHLM7mooaYA30JT9JaekIqB2LftmmUpQ9wLKG4Sw=="],

    "@oxc-transform/binding-win32-arm64-msvc": ["@oxc-transform/binding-win32-arm64-msvc@0.71.0", "", { "os": "win32", "cpu": "arm64" }, "sha512-t7kzebqluF3kliUZPY9liSFQlzsseCHGqX/LKc9Aq3kTvvYYmy8TftFrMfgJ8nBEFTynSsb1UJXEiSaadb88SA=="],

    "@oxc-transform/binding-win32-x64-msvc": ["@oxc-transform/binding-win32-x64-msvc@0.71.0", "", { "os": "win32", "cpu": "x64" }, "sha512-J0PCgifswOYRTKRbo5uOk3nHl1ZC59xh/JdsAYkXMk5YygjVHh5NcmPXPjMiDR/iHHK6LxqFjumRQwtCX8gF5w=="],

    "@prettier/plugin-xml": ["@prettier/plugin-xml@3.4.1", "", { "dependencies": { "@xml-tools/parser": "^1.0.11" }, "peerDependencies": { "prettier": "^3.0.0" } }, "sha512-Uf/6/+9ez6z/IvZErgobZ2G9n1ybxF5BhCd7eMcKqfoWuOzzNUxBipNo3QAP8kRC1VD18TIo84no7LhqtyDcTg=="],

    "@reteps/dockerfmt": ["@reteps/dockerfmt@0.3.6", "", {}, "sha512-Tb5wIMvBf/nLejTQ61krK644/CEMB/cpiaIFXqGApfGqO3GwcR3qnI0DbmkFVCl2OyEp8LnLX3EkucoL0+tbFg=="],

    "@taplo/core": ["@taplo/core@0.2.0", "", {}, "sha512-r8bl54Zj1In3QLkiW/ex694bVzpPJ9EhwqT9xkcUVODnVUGirdB1JTsmiIv0o1uwqZiwhi8xNnTOQBRQCpizrQ=="],

    "@taplo/lib": ["@taplo/lib@0.5.0", "", { "dependencies": { "@taplo/core": "^0.2.0" } }, "sha512-+xIqpQXJco3T+VGaTTwmhxLa51qpkQxCjRwezjFZgr+l21ExlywJFcDfTrNmL6lG6tqb0h8GyJKO3UPGPtSCWg=="],

    "@tybys/wasm-util": ["@tybys/wasm-util@0.9.0", "", { "dependencies": { "tslib": "^2.4.0" } }, "sha512-6+7nlbMVX/PVDCwaIQ8nTOPveOcFLSt8GcXdx8hD0bt39uWxYT88uXzqTd4fTvqta7oeUJqudepapKNt2DYJFw=="],

    "@types/bun": ["@types/bun@1.2.17", "", { "dependencies": { "bun-types": "1.2.17" } }, "sha512-l/BYs/JYt+cXA/0+wUhulYJB6a6p//GTPiJ7nV+QHa8iiId4HZmnu/3J/SowP5g0rTiERY2kfGKXEK5Ehltx4Q=="],

    "@types/node": ["@types/node@24.0.8", "", { "dependencies": { "undici-types": "~7.8.0" } }, "sha512-WytNrFSgWO/esSH9NbpWUfTMGQwCGIKfCmNlmFDNiI5gGhgMmEA+V1AEvKLeBNvvtBnailJtkrEa2OIISwrVAA=="],

    "@xml-tools/parser": ["@xml-tools/parser@1.0.11", "", { "dependencies": { "chevrotain": "7.1.1" } }, "sha512-aKqQ077XnR+oQtHJlrAflaZaL7qZsulWc/i/ZEooar5JiWj1eLt0+Wg28cpa+XLney107wXqneC+oG1IZvxkTA=="],

    "acorn": ["acorn@8.15.0", "", { "bin": { "acorn": "bin/acorn" } }, "sha512-NZyJarBfL7nWwIq+FDL6Zp/yHEhePMNnnJ0y3qfieCrmNvYct8uvtiV41UvlSe6apAfk0fY1FbWx+NwfmpvtTg=="],

    "bun-only": ["bun-only@0.0.1", "", {}, "sha512-eQdy3eKF3MPcrwhvDq/7BykQ9kpl9Lu/zJ9IcL1AsjZ4vct68Du8reZisptp7YL8b65iImMf9j06xmGUNsc2rQ=="],

    "bun-plugin-isolated-decl": ["bun-plugin-isolated-decl@0.2.6", "", { "dependencies": { "bun-only": "^0.0.1", "is-glob": "^4.0.3", "oxc-transform": "^0.71.0", "unplugin-isolated-decl": "^0.14.2" } }, "sha512-QIMXm3sj59CWaA60WRQHzKm743fzk/4HT3c1hHR1tZ6qa/krriuajjH68agadMofw4gdGSzSUqbhPHRzGhAp7Q=="],

    "bun-types": ["bun-types@1.2.17", "", { "dependencies": { "@types/node": "*" } }, "sha512-ElC7ItwT3SCQwYZDYoAH+q6KT4Fxjl8DtZ6qDulUFBmXA8YB4xo+l54J9ZJN+k2pphfn9vk7kfubeSd5QfTVJQ=="],

    "chevrotain": ["chevrotain@7.1.1", "", { "dependencies": { "regexp-to-ast": "0.5.0" } }, "sha512-wy3mC1x4ye+O+QkEinVJkPf5u2vsrDIYW9G7ZuwFl6v/Yu0LwUuT2POsb+NUWApebyxfkQq6+yDfRExbnI5rcw=="],

    "debug": ["debug@4.4.1", "", { "dependencies": { "ms": "^2.1.3" } }, "sha512-KcKCqiftBJcZr++7ykoDIEwSa3XWowTfNPo92BYxjXiyYEVrUQh2aLyhxBCwww+heortUFxEJYcRzosstTEBYQ=="],

    "is-extglob": ["is-extglob@2.1.1", "", {}, "sha512-SbKbANkN603Vi4jEZv49LeVJMn4yGwsbzZworEoyEiutsN3nJYdbO36zfhGJ6QEDpOZIFkDtnq5JRxmvl3jsoQ=="],

    "is-glob": ["is-glob@4.0.3", "", { "dependencies": { "is-extglob": "^2.1.1" } }, "sha512-xelSayHH36ZgE7ZWhli7pW34hNbNl8Ojv5KVmkJD4hBdD3th8Tfk9vYasLM+mXWOZhFkgZfxhLSnrwRr4elSSg=="],

    "magic-string": ["magic-string@0.30.17", "", { "dependencies": { "@jridgewell/sourcemap-codec": "^1.5.0" } }, "sha512-sNPKHvyjVf7gyjwS4xGTaW/mCnF8wnjtifKBEhxfZ7E/S8tQ0rssrwGNn6q8JH/ohItJfSQp9mBtQYuTlH5QnA=="],

    "ms": ["ms@2.1.3", "", {}, "sha512-6FlzubTLZG3J2a/NVCAleEhjzq5oxgHyaCU9yYXvcLsvoVaHJq/s5xXI6/XXP6tz7R9xAOtHnSO/tXtF3WRTlA=="],

    "oxc-parser": ["oxc-parser@0.75.0", "", { "dependencies": { "@oxc-project/types": "^0.75.0" }, "optionalDependencies": { "@oxc-parser/binding-android-arm64": "0.75.0", "@oxc-parser/binding-darwin-arm64": "0.75.0", "@oxc-parser/binding-darwin-x64": "0.75.0", "@oxc-parser/binding-freebsd-x64": "0.75.0", "@oxc-parser/binding-linux-arm-gnueabihf": "0.75.0", "@oxc-parser/binding-linux-arm-musleabihf": "0.75.0", "@oxc-parser/binding-linux-arm64-gnu": "0.75.0", "@oxc-parser/binding-linux-arm64-musl": "0.75.0", "@oxc-parser/binding-linux-riscv64-gnu": "0.75.0", "@oxc-parser/binding-linux-s390x-gnu": "0.75.0", "@oxc-parser/binding-linux-x64-gnu": "0.75.0", "@oxc-parser/binding-linux-x64-musl": "0.75.0", "@oxc-parser/binding-wasm32-wasi": "0.75.0", "@oxc-parser/binding-win32-arm64-msvc": "0.75.0", "@oxc-parser/binding-win32-x64-msvc": "0.75.0" } }, "sha512-WbgEAOXvO327lFz12U+utDzNDt5+gM9gRCLfi/q3oUaoVd7tzVNlbxhJCS9PBM97tEDghJQXbnr6vqzqvU2TPQ=="],

    "oxc-transform": ["oxc-transform@0.71.0", "", { "optionalDependencies": { "@oxc-transform/binding-darwin-arm64": "0.71.0", "@oxc-transform/binding-darwin-x64": "0.71.0", "@oxc-transform/binding-freebsd-x64": "0.71.0", "@oxc-transform/binding-linux-arm-gnueabihf": "0.71.0", "@oxc-transform/binding-linux-arm-musleabihf": "0.71.0", "@oxc-transform/binding-linux-arm64-gnu": "0.71.0", "@oxc-transform/binding-linux-arm64-musl": "0.71.0", "@oxc-transform/binding-linux-riscv64-gnu": "0.71.0", "@oxc-transform/binding-linux-s390x-gnu": "0.71.0", "@oxc-transform/binding-linux-x64-gnu": "0.71.0", "@oxc-transform/binding-linux-x64-musl": "0.71.0", "@oxc-transform/binding-wasm32-wasi": "0.71.0", "@oxc-transform/binding-win32-arm64-msvc": "0.71.0", "@oxc-transform/binding-win32-x64-msvc": "0.71.0" } }, "sha512-yV7YjOUdeoE/l90yLsLUzCTCFSRLcjuNVgPNfkOVbOw1iddXaTBwnJ87JBYbJoxysT7CRRae/6sKqJRWY2TCsA=="],

    "pathe": ["pathe@2.0.3", "", {}, "sha512-WUjGcAqP1gQacoQe+OBJsFA7Ld4DyXuUIjZ5cc75cLHvJ7dtNsTugphxIADwspS+AraAUePCKrSVtPLFj/F88w=="],

    "picomatch": ["picomatch@4.0.2", "", {}, "sha512-M7BAV6Rlcy5u+m6oPhAPFgJTzAioX/6B0DxyvDlo9l8+T3nLKbrczg2WLUyzd45L8RqfUMyGPzekbMvX2Ldkwg=="],

    "prettier": ["prettier@3.6.2", "", { "bin": { "prettier": "bin/prettier.cjs" } }, "sha512-I7AIg5boAr5R0FFtJ6rCfD+LFsWHp81dolrFD8S79U9tb8Az2nGrJncnMSnys+bpQJfRUzqs9hnA81OAA3hCuQ=="],

    "prettier-plugin-astro": ["prettier-plugin-astro@0.14.1", "", { "dependencies": { "@astrojs/compiler": "^2.9.1", "prettier": "^3.0.0", "sass-formatter": "^0.7.6" } }, "sha512-RiBETaaP9veVstE4vUwSIcdATj6dKmXljouXc/DDNwBSPTp8FRkLGDSGFClKsAFeeg+13SB0Z1JZvbD76bigJw=="],

    "prettier-plugin-sh": ["prettier-plugin-sh@0.18.0", "", { "dependencies": { "@reteps/dockerfmt": "^0.3.6", "sh-syntax": "^0.5.8" }, "peerDependencies": { "prettier": "^3.6.0" } }, "sha512-cW1XL27FOJQ/qGHOW6IHwdCiNWQsAgK+feA8V6+xUTaH0cD3Mh+tFAtBvEEWvuY6hTDzRV943Fzeii+qMOh7nQ=="],

    "prettier-plugin-tailwindcss": ["prettier-plugin-tailwindcss@0.6.13", "", { "peerDependencies": { "@ianvs/prettier-plugin-sort-imports": "*", "@prettier/plugin-pug": "*", "@shopify/prettier-plugin-liquid": "*", "@trivago/prettier-plugin-sort-imports": "*", "@zackad/prettier-plugin-twig": "*", "prettier": "^3.0", "prettier-plugin-astro": "*", "prettier-plugin-css-order": "*", "prettier-plugin-import-sort": "*", "prettier-plugin-jsdoc": "*", "prettier-plugin-marko": "*", "prettier-plugin-multiline-arrays": "*", "prettier-plugin-organize-attributes": "*", "prettier-plugin-organize-imports": "*", "prettier-plugin-sort-imports": "*", "prettier-plugin-style-order": "*", "prettier-plugin-svelte": "*" }, "optionalPeers": ["@ianvs/prettier-plugin-sort-imports", "@prettier/plugin-pug", "@shopify/prettier-plugin-liquid", "@trivago/prettier-plugin-sort-imports", "@zackad/prettier-plugin-twig", "prettier-plugin-astro", "prettier-plugin-css-order", "prettier-plugin-import-sort", "prettier-plugin-jsdoc", "prettier-plugin-marko", "prettier-plugin-multiline-arrays", "prettier-plugin-organize-attributes", "prettier-plugin-organize-imports", "prettier-plugin-sort-imports", "prettier-plugin-style-order", "prettier-plugin-svelte"] }, "sha512-uQ0asli1+ic8xrrSmIOaElDu0FacR4x69GynTh2oZjFY10JUt6EEumTQl5tB4fMeD6I1naKd+4rXQQ7esT2i1g=="],

    "prettier-plugin-toml": ["prettier-plugin-toml@2.0.5", "", { "dependencies": { "@taplo/lib": "^0.5.0" }, "peerDependencies": { "prettier": "^3.0.3" } }, "sha512-WjXXKQyY4TdXWHU1v73UJxK/oDLSppf+b9KrSVl2kC4ZOr9CIVPKTQ/JxttgbYMaH8r3ihw7WYhMpI1EFa1obg=="],

    "regexp-to-ast": ["regexp-to-ast@0.5.0", "", {}, "sha512-tlbJqcMHnPKI9zSrystikWKwHkBqu2a/Sgw01h3zFjvYrMxEDYHzzoMZnUrbIfpTFEsoRnnviOXNCzFiSc54Qw=="],

    "s.color": ["s.color@0.0.15", "", {}, "sha512-AUNrbEUHeKY8XsYr/DYpl+qk5+aM+DChopnWOPEzn8YKzOhv4l2zH6LzZms3tOZP3wwdOyc0RmTciyi46HLIuA=="],

    "sass-formatter": ["sass-formatter@0.7.9", "", { "dependencies": { "suf-log": "^2.5.3" } }, "sha512-CWZ8XiSim+fJVG0cFLStwDvft1VI7uvXdCNJYXhDvowiv+DsbD1nXLiQ4zrE5UBvj5DWZJ93cwN0NX5PMsr1Pw=="],

    "sh-syntax": ["sh-syntax@0.5.8", "", { "dependencies": { "tslib": "^2.8.1" } }, "sha512-JfVoxf4FxQI5qpsPbkHhZo+n6N9YMJobyl4oGEUBb/31oQYlgTjkXQD8PBiafS2UbWoxrTO0Z5PJUBXEPAG1Zw=="],

    "suf-log": ["suf-log@2.5.3", "", { "dependencies": { "s.color": "0.0.15" } }, "sha512-KvC8OPjzdNOe+xQ4XWJV2whQA0aM1kGVczMQ8+dStAO6KfEB140JEVQ9dE76ONZ0/Ylf67ni4tILPJB41U0eow=="],

    "tslib": ["tslib@2.8.1", "", {}, "sha512-oJFu94HQb+KVduSUQL7wnpmqnfmLsOA/nAh6b6EH0wCEoK0/mPeXU6c3wKDV83MkOuHPRHtSXKKU99IBazS/2w=="],

    "typescript": ["typescript@5.8.3", "", { "bin": { "tsc": "bin/tsc", "tsserver": "bin/tsserver" } }, "sha512-p1diW6TqL9L07nNxvRMM7hMMw4c5XOo/1ibL4aAIGmSAt9slTE1Xgw5KWuof2uTOvCg9BY7ZRi+GaF+7sfgPeQ=="],

    "undici-types": ["undici-types@7.8.0", "", {}, "sha512-9UJ2xGDvQ43tYyVMpuHlsgApydB8ZKfVYTsLDhXkFL/6gfkp+U8xTGdh8pMJv1SpZna0zxG1DwsKZsreLbXBxw=="],

    "unplugin": ["unplugin@2.3.5", "", { "dependencies": { "acorn": "^8.14.1", "picomatch": "^4.0.2", "webpack-virtual-modules": "^0.6.2" } }, "sha512-RyWSb5AHmGtjjNQ6gIlA67sHOsWpsbWpwDokLwTcejVdOjEkJZh7QKu14J00gDDVSh8kGH4KYC/TNBceXFZhtw=="],

    "unplugin-isolated-decl": ["unplugin-isolated-decl@0.14.4", "", { "dependencies": { "debug": "^4.4.1", "magic-string": "^0.30.17", "oxc-parser": "^0.75.0", "oxc-transform": "^0.75.0", "unplugin": "^2.3.5", "unplugin-utils": "^0.2.4" }, "peerDependencies": { "@swc/core": "^1.6.6", "typescript": "^5.5.2" }, "optionalPeers": ["@swc/core", "typescript"] }, "sha512-Bp4tnC7tc+XbeO0jW2pyFgja9aNaRsX1GrFn/xcTxzI7S4NaSMF5Sc/qlGKAjy8BUboNOt3ki9vrLhVFdwSlTg=="],

    "unplugin-utils": ["unplugin-utils@0.2.4", "", { "dependencies": { "pathe": "^2.0.2", "picomatch": "^4.0.2" } }, "sha512-8U/MtpkPkkk3Atewj1+RcKIjb5WBimZ/WSLhhR3w6SsIj8XJuKTacSP8g+2JhfSGw0Cb125Y+2zA/IzJZDVbhA=="],

    "webpack-virtual-modules": ["webpack-virtual-modules@0.6.2", "", {}, "sha512-66/V2i5hQanC51vBQKPH4aI8NMAcBW59FVBs+rC7eGHupMyfn34q7rZIE+ETlJ+XTevqfUhVVBgSUNSW2flEUQ=="],

    "unplugin-isolated-decl/oxc-transform": ["oxc-transform@0.75.0", "", { "optionalDependencies": { "@oxc-transform/binding-android-arm64": "0.75.0", "@oxc-transform/binding-darwin-arm64": "0.75.0", "@oxc-transform/binding-darwin-x64": "0.75.0", "@oxc-transform/binding-freebsd-x64": "0.75.0", "@oxc-transform/binding-linux-arm-gnueabihf": "0.75.0", "@oxc-transform/binding-linux-arm-musleabihf": "0.75.0", "@oxc-transform/binding-linux-arm64-gnu": "0.75.0", "@oxc-transform/binding-linux-arm64-musl": "0.75.0", "@oxc-transform/binding-linux-riscv64-gnu": "0.75.0", "@oxc-transform/binding-linux-s390x-gnu": "0.75.0", "@oxc-transform/binding-linux-x64-gnu": "0.75.0", "@oxc-transform/binding-linux-x64-musl": "0.75.0", "@oxc-transform/binding-wasm32-wasi": "0.75.0", "@oxc-transform/binding-win32-arm64-msvc": "0.75.0", "@oxc-transform/binding-win32-x64-msvc": "0.75.0" } }, "sha512-toESbhMeMIdw3ZUznJmI9gbddkSLQVxqHB2jAsC0VCwfpQN2dByf0ZllqMqONl+WA3HfHusq5Xu2y8ozYF4zEw=="],

    "unplugin-isolated-decl/oxc-transform/@oxc-transform/binding-darwin-arm64": ["@oxc-transform/binding-darwin-arm64@0.75.0", "", { "os": "darwin", "cpu": "arm64" }, "sha512-fI+jRZVeQcNSznkoZQQj0Eojr0s1Cl//r0T0k77m6Q4bJznfKPHARgO7qTGkryW9vkXXbKxq6Qzqm+zD712r2g=="],

    "unplugin-isolated-decl/oxc-transform/@oxc-transform/binding-darwin-x64": ["@oxc-transform/binding-darwin-x64@0.75.0", "", { "os": "darwin", "cpu": "x64" }, "sha512-Kt30I+a3ZQr85F+gxgPoSkrab3dPiJ/OtB2fW5c0keX3TbZsRmyjCdewVOWmK8Q/Lylg1jmICHsGs2+BsQeXtQ=="],

    "unplugin-isolated-decl/oxc-transform/@oxc-transform/binding-freebsd-x64": ["@oxc-transform/binding-freebsd-x64@0.75.0", "", { "os": "freebsd", "cpu": "x64" }, "sha512-Wfn02p7f8KBQYu8n9eQhFA1qRaAK1sBUbS4H2Kkt7ZkBIWSup4bFB2KJANIdvXu0Gf3psSrAiCnBjYwV+8vZ3A=="],

    "unplugin-isolated-decl/oxc-transform/@oxc-transform/binding-linux-arm-gnueabihf": ["@oxc-transform/binding-linux-arm-gnueabihf@0.75.0", "", { "os": "linux", "cpu": "arm" }, "sha512-F+h5YoUmuQHHKJ7pdUbJzyDhrXrxSgWQWizS314hWxRutPV7rL3n2ruE9KSKDUHvko7CDrxMmi4HlCM+jwql5Q=="],

    "unplugin-isolated-decl/oxc-transform/@oxc-transform/binding-linux-arm-musleabihf": ["@oxc-transform/binding-linux-arm-musleabihf@0.75.0", "", { "os": "linux", "cpu": "arm" }, "sha512-eg60915Ph5P56ZqXt89xCwrRPR8xqI5R9VBSPb4Rcv2PGdkCDJw4EdOVWWNGXRLbwotTOLcqDW2qImMQCX5/Ow=="],

    "unplugin-isolated-decl/oxc-transform/@oxc-transform/binding-linux-arm64-gnu": ["@oxc-transform/binding-linux-arm64-gnu@0.75.0", "", { "os": "linux", "cpu": "arm64" }, "sha512-ZCbJUCoEkd6iNfSM+F/97trvL2If9Vg+NhrwCVq49CvbgIW0fTNAs1U//eAC6pAosKkUZIcTTUlAH6hVEueSWg=="],

    "unplugin-isolated-decl/oxc-transform/@oxc-transform/binding-linux-arm64-musl": ["@oxc-transform/binding-linux-arm64-musl@0.75.0", "", { "os": "linux", "cpu": "arm64" }, "sha512-s334t17TptH7DJYgFQWKesrZZIKhG4ASg9HO+Ssv0l0nn5FYjjYVdeAQLqCO9DaErIjNa7zLQJ09sr1WEF3S1g=="],

    "unplugin-isolated-decl/oxc-transform/@oxc-transform/binding-linux-riscv64-gnu": ["@oxc-transform/binding-linux-riscv64-gnu@0.75.0", "", { "os": "linux", "cpu": "none" }, "sha512-8PvptQ4bFUlk3BDzpOiOSXmATImNpgBoNtovSAXm2BXAC5KlOMUkzgaxS3zAJabDZ6/HC7L391/rMer6/hFDyQ=="],

    "unplugin-isolated-decl/oxc-transform/@oxc-transform/binding-linux-s390x-gnu": ["@oxc-transform/binding-linux-s390x-gnu@0.75.0", "", { "os": "linux", "cpu": "s390x" }, "sha512-6nsU0rJnQkfGNWZoUViP2GGOgJr/6Qu+a4eFKk7iwbe4OmzTpvLserd1/jn4OGyrp3aito8MC5pSphF9Mm0bxQ=="],

    "unplugin-isolated-decl/oxc-transform/@oxc-transform/binding-linux-x64-gnu": ["@oxc-transform/binding-linux-x64-gnu@0.75.0", "", { "os": "linux", "cpu": "x64" }, "sha512-p/BLkWP8XEmVcphggfgZlL0iBAK9KjL+/0azyZd6nO6eH5V/PUgaYfPOfSYBggZ83Y4O3h4mjXRJ/D3R3Wessw=="],

    "unplugin-isolated-decl/oxc-transform/@oxc-transform/binding-linux-x64-musl": ["@oxc-transform/binding-linux-x64-musl@0.75.0", "", { "os": "linux", "cpu": "x64" }, "sha512-BdsvBU0Mi0YmjKcj42hrXR/HUejKi/MilunTYz6bNuoYl5h+U3eoCyoz9kz4JvFcbeQ3KgQTiNKxCsfasTsv1Q=="],

    "unplugin-isolated-decl/oxc-transform/@oxc-transform/binding-wasm32-wasi": ["@oxc-transform/binding-wasm32-wasi@0.75.0", "", { "dependencies": { "@napi-rs/wasm-runtime": "^0.2.11" }, "cpu": "none" }, "sha512-QTFdXa8MryOmS0bZr4m1HeZr/ZZRc2IS6DK86nJwGZQ3otbHujp5BURZDgGRVFPvFPbtZnDAmRQcktkbD/U2fw=="],

    "unplugin-isolated-decl/oxc-transform/@oxc-transform/binding-win32-arm64-msvc": ["@oxc-transform/binding-win32-arm64-msvc@0.75.0", "", { "os": "win32", "cpu": "arm64" }, "sha512-uv9xLBDAx/I1GOCSESmQYeL58IL3cRzm6Hgk6qugtYct35aR5rRJzgssGne6xY4lsjECQw4TbPCFTAkjdwxcnw=="],

    "unplugin-isolated-decl/oxc-transform/@oxc-transform/binding-win32-x64-msvc": ["@oxc-transform/binding-win32-x64-msvc@0.75.0", "", { "os": "win32", "cpu": "x64" }, "sha512-BlJPnOZfH6marspy3a8BwuttfDhVZ58XAwx3y/Pkt729Wjs+xTdCGq10H/Jzu5+Y/jiCTf1HWgYLmTFa9dAk8w=="],
  }
}
